
Microsoft Visual Studio Solution File, Format Version 12.00
# Visual Studio 2013
VisualStudioVersion = 12.0.31101.0
MinimumVisualStudioVersion = 10.0.40219.1
Project("{2150E333-8FDC-42A3-9474-1A3956D46DE8}") = "Factory", "Factory", "{2A6312E7-03FF-419C-A19D-F37C236D9AB6}"
	ProjectSection(SolutionItems) = preProject
		ReadMe.txt = ReadMe.txt
	EndProjectSection
EndProject
Project("{2150E333-8FDC-42A3-9474-1A3956D46DE8}") = "Common", "Common", "{BA99BB98-1B07-4951-A3F9-3E4966C4149D}"
EndProject
Project("{00D1A9C2-B5F0-4AF3-8072-F6C62B433612}") = "Database", "DIPatterns.Database\Database.sqlproj", "{167568CF-2C54-4058-96A2-B68556092460}"
EndProject
Project("{2150E333-8FDC-42A3-9474-1A3956D46DE8}") = "4. Accessors", "4. Accessors", "{EBAB7A73-BBFE-4852-8C4B-842B671D1E91}"
EndProject
Project("{FAE04EC0-301F-11D3-BF4B-00C04F79EFBC}") = "Accessors", "DIPatterns.Factory.Accessors\Accessors.csproj", "{BDD66329-5DA6-4F87-9A63-F419DE6637D3}"
EndProject
Project("{2150E333-8FDC-42A3-9474-1A3956D46DE8}") = "5. Shared", "5. Shared", "{6504C30E-C883-492D-9A65-481674C8864E}"
EndProject
Project("{FAE04EC0-301F-11D3-BF4B-00C04F79EFBC}") = "Contracts", "DIPatterns.Factory.Contracts\Contracts.csproj", "{B3EF1541-3A58-4EA0-B52F-45F0F952D6D5}"
EndProject
Project("{2150E333-8FDC-42A3-9474-1A3956D46DE8}") = ".nuget", ".nuget", "{39D0DBC4-4A22-4939-BD12-6F4023033C5E}"
	ProjectSection(SolutionItems) = preProject
		.nuget\NuGet.Config = .nuget\NuGet.Config
		.nuget\NuGet.exe = .nuget\NuGet.exe
		.nuget\NuGet.targets = .nuget\NuGet.targets
	EndProjectSection
EndProject
Project("{2150E333-8FDC-42A3-9474-1A3956D46DE8}") = "1. Clients", "1. Clients", "{43BB04B7-6B30-4966-98E5-ECF02A389E6C}"
EndProject
Project("{2150E333-8FDC-42A3-9474-1A3956D46DE8}") = "2. Managers", "2. Managers", "{5F47E8BC-0501-49F0-A757-E610990F3422}"
EndProject
Project("{2150E333-8FDC-42A3-9474-1A3956D46DE8}") = "3. Engines", "3. Engines", "{4D7D0A93-1AAA-4E5C-9190-D6EA61CB8F6D}"
EndProject
Project("{2150E333-8FDC-42A3-9474-1A3956D46DE8}") = "9. Tests", "9. Tests", "{F41EEC0C-6CCB-4BAB-9A96-F9FC70B4DA9A}"
EndProject
Project("{FAE04EC0-301F-11D3-BF4B-00C04F79EFBC}") = "Tests.AccessorTests", "DIPatterns.Factory.Tests.AccessorTests\Tests.AccessorTests.csproj", "{E099C99C-9800-438A-A37C-52DD15C58E5F}"
EndProject
Project("{FAE04EC0-301F-11D3-BF4B-00C04F79EFBC}") = "Engines", "DIPatterns.Factory.Engines\Engines.csproj", "{9384721E-C10D-4796-9E33-183CFFC12E0F}"
EndProject
Project("{FAE04EC0-301F-11D3-BF4B-00C04F79EFBC}") = "Tests.EngineTests", "DIPatterns.Factory.Tests.EngineTests\Tests.EngineTests.csproj", "{DBDA42DF-93C4-4780-8DC1-EDF6686E442C}"
EndProject
Project("{FAE04EC0-301F-11D3-BF4B-00C04F79EFBC}") = "Managers", "DIPatterns.Factory.Managers\Managers.csproj", "{E4FF0AA8-8D79-4959-AA89-8282271CA19F}"
EndProject
Project("{FAE04EC0-301F-11D3-BF4B-00C04F79EFBC}") = "Tests.ManagerTests", "DIPatterns.Factory.Tests.ManagerTests\Tests.ManagerTests.csproj", "{905449C9-B08B-4BD2-A64E-5FCB52546C6F}"
EndProject
Project("{FAE04EC0-301F-11D3-BF4B-00C04F79EFBC}") = "TestConsole", "DIPatterns.Factory.TestConsole\TestConsole.csproj", "{2E036AD5-8D1B-48B4-9AC8-3AC765F314B4}"
EndProject
Global
	GlobalSection(SolutionConfigurationPlatforms) = preSolution
		Debug|Any CPU = Debug|Any CPU
		Release|Any CPU = Release|Any CPU
	EndGlobalSection
	GlobalSection(ProjectConfigurationPlatforms) = postSolution
		{167568CF-2C54-4058-96A2-B68556092460}.Debug|Any CPU.ActiveCfg = Debug|Any CPU
		{167568CF-2C54-4058-96A2-B68556092460}.Debug|Any CPU.Build.0 = Debug|Any CPU
		{167568CF-2C54-4058-96A2-B68556092460}.Debug|Any CPU.Deploy.0 = Debug|Any CPU
		{167568CF-2C54-4058-96A2-B68556092460}.Release|Any CPU.ActiveCfg = Release|Any CPU
		{167568CF-2C54-4058-96A2-B68556092460}.Release|Any CPU.Build.0 = Release|Any CPU
		{167568CF-2C54-4058-96A2-B68556092460}.Release|Any CPU.Deploy.0 = Release|Any CPU
		{BDD66329-5DA6-4F87-9A63-F419DE6637D3}.Debug|Any CPU.ActiveCfg = Debug|Any CPU
		{BDD66329-5DA6-4F87-9A63-F419DE6637D3}.Debug|Any CPU.Build.0 = Debug|Any CPU
		{BDD66329-5DA6-4F87-9A63-F419DE6637D3}.Release|Any CPU.ActiveCfg = Release|Any CPU
		{BDD66329-5DA6-4F87-9A63-F419DE6637D3}.Release|Any CPU.Build.0 = Release|Any CPU
		{B3EF1541-3A58-4EA0-B52F-45F0F952D6D5}.Debug|Any CPU.ActiveCfg = Debug|Any CPU
		{B3EF1541-3A58-4EA0-B52F-45F0F952D6D5}.Debug|Any CPU.Build.0 = Debug|Any CPU
		{B3EF1541-3A58-4EA0-B52F-45F0F952D6D5}.Release|Any CPU.ActiveCfg = Release|Any CPU
		{B3EF1541-3A58-4EA0-B52F-45F0F952D6D5}.Release|Any CPU.Build.0 = Release|Any CPU
		{E099C99C-9800-438A-A37C-52DD15C58E5F}.Debug|Any CPU.ActiveCfg = Debug|Any CPU
		{E099C99C-9800-438A-A37C-52DD15C58E5F}.Debug|Any CPU.Build.0 = Debug|Any CPU
		{E099C99C-9800-438A-A37C-52DD15C58E5F}.Release|Any CPU.ActiveCfg = Release|Any CPU
		{E099C99C-9800-438A-A37C-52DD15C58E5F}.Release|Any CPU.Build.0 = Release|Any CPU
		{9384721E-C10D-4796-9E33-183CFFC12E0F}.Debug|Any CPU.ActiveCfg = Debug|Any CPU
		{9384721E-C10D-4796-9E33-183CFFC12E0F}.Debug|Any CPU.Build.0 = Debug|Any CPU
		{9384721E-C10D-4796-9E33-183CFFC12E0F}.Release|Any CPU.ActiveCfg = Release|Any CPU
		{9384721E-C10D-4796-9E33-183CFFC12E0F}.Release|Any CPU.Build.0 = Release|Any CPU
		{DBDA42DF-93C4-4780-8DC1-EDF6686E442C}.Debug|Any CPU.ActiveCfg = Debug|Any CPU
		{DBDA42DF-93C4-4780-8DC1-EDF6686E442C}.Debug|Any CPU.Build.0 = Debug|Any CPU
		{DBDA42DF-93C4-4780-8DC1-EDF6686E442C}.Release|Any CPU.ActiveCfg = Release|Any CPU
		{DBDA42DF-93C4-4780-8DC1-EDF6686E442C}.Release|Any CPU.Build.0 = Release|Any CPU
		{E4FF0AA8-8D79-4959-AA89-8282271CA19F}.Debug|Any CPU.ActiveCfg = Debug|Any CPU
		{E4FF0AA8-8D79-4959-AA89-8282271CA19F}.Debug|Any CPU.Build.0 = Debug|Any CPU
		{E4FF0AA8-8D79-4959-AA89-8282271CA19F}.Release|Any CPU.ActiveCfg = Release|Any CPU
		{E4FF0AA8-8D79-4959-AA89-8282271CA19F}.Release|Any CPU.Build.0 = Release|Any CPU
		{905449C9-B08B-4BD2-A64E-5FCB52546C6F}.Debug|Any CPU.ActiveCfg = Debug|Any CPU
		{905449C9-B08B-4BD2-A64E-5FCB52546C6F}.Debug|Any CPU.Build.0 = Debug|Any CPU
		{905449C9-B08B-4BD2-A64E-5FCB52546C6F}.Release|Any CPU.ActiveCfg = Release|Any CPU
		{905449C9-B08B-4BD2-A64E-5FCB52546C6F}.Release|Any CPU.Build.0 = Release|Any CPU
		{2E036AD5-8D1B-48B4-9AC8-3AC765F314B4}.Debug|Any CPU.ActiveCfg = Debug|Any CPU
		{2E036AD5-8D1B-48B4-9AC8-3AC765F314B4}.Debug|Any CPU.Build.0 = Debug|Any CPU
		{2E036AD5-8D1B-48B4-9AC8-3AC765F314B4}.Release|Any CPU.ActiveCfg = Release|Any CPU
		{2E036AD5-8D1B-48B4-9AC8-3AC765F314B4}.Release|Any CPU.Build.0 = Release|Any CPU
	EndGlobalSection
	GlobalSection(SolutionProperties) = preSolution
		HideSolutionNode = FALSE
	EndGlobalSection
	GlobalSection(NestedProjects) = preSolution
		{167568CF-2C54-4058-96A2-B68556092460} = {BA99BB98-1B07-4951-A3F9-3E4966C4149D}
		{EBAB7A73-BBFE-4852-8C4B-842B671D1E91} = {2A6312E7-03FF-419C-A19D-F37C236D9AB6}
		{BDD66329-5DA6-4F87-9A63-F419DE6637D3} = {EBAB7A73-BBFE-4852-8C4B-842B671D1E91}
		{6504C30E-C883-492D-9A65-481674C8864E} = {2A6312E7-03FF-419C-A19D-F37C236D9AB6}
		{B3EF1541-3A58-4EA0-B52F-45F0F952D6D5} = {6504C30E-C883-492D-9A65-481674C8864E}
		{43BB04B7-6B30-4966-98E5-ECF02A389E6C} = {2A6312E7-03FF-419C-A19D-F37C236D9AB6}
		{5F47E8BC-0501-49F0-A757-E610990F3422} = {2A6312E7-03FF-419C-A19D-F37C236D9AB6}
		{4D7D0A93-1AAA-4E5C-9190-D6EA61CB8F6D} = {2A6312E7-03FF-419C-A19D-F37C236D9AB6}
		{F41EEC0C-6CCB-4BAB-9A96-F9FC70B4DA9A} = {2A6312E7-03FF-419C-A19D-F37C236D9AB6}
		{E099C99C-9800-438A-A37C-52DD15C58E5F} = {F41EEC0C-6CCB-4BAB-9A96-F9FC70B4DA9A}
		{9384721E-C10D-4796-9E33-183CFFC12E0F} = {4D7D0A93-1AAA-4E5C-9190-D6EA61CB8F6D}
		{DBDA42DF-93C4-4780-8DC1-EDF6686E442C} = {F41EEC0C-6CCB-4BAB-9A96-F9FC70B4DA9A}
		{E4FF0AA8-8D79-4959-AA89-8282271CA19F} = {5F47E8BC-0501-49F0-A757-E610990F3422}
		{905449C9-B08B-4BD2-A64E-5FCB52546C6F} = {F41EEC0C-6CCB-4BAB-9A96-F9FC70B4DA9A}
		{2E036AD5-8D1B-48B4-9AC8-3AC765F314B4} = {43BB04B7-6B30-4966-98E5-ECF02A389E6C}
	EndGlobalSection
EndGlobal
